// !$*UTF8*$!
{
	archiveVersion = 1;
	classes = {
	};
	objectVersion = 51;
	objects = {

/* Begin PBXBuildFile section */
		2731E26725EFAB7E00CF1254 /* SignInViewController.swift in Sources */ = {isa = PBXBuildFile; fileRef = 2731E26625EFAB7E00CF1254 /* SignInViewController.swift */; };
		2731E26C25EFAB9D00CF1254 /* Api.swift in Sources */ = {isa = PBXBuildFile; fileRef = 2731E26B25EFAB9D00CF1254 /* Api.swift */; };
		27977C8725EE8A08007D2616 /* MainViewController.swift in Sources */ = {isa = PBXBuildFile; fileRef = 27977C8625EE8A08007D2616 /* MainViewController.swift */; };
		27977C9425EE8D4C007D2616 /* SearchViewController.swift in Sources */ = {isa = PBXBuildFile; fileRef = 27977C9325EE8D4C007D2616 /* SearchViewController.swift */; };
		27977C9925EE8D54007D2616 /* MyPageViewController.swift in Sources */ = {isa = PBXBuildFile; fileRef = 27977C9825EE8D54007D2616 /* MyPageViewController.swift */; };
		2797F21F25E7F22000C78ED4 /* BaseViewController.swift in Sources */ = {isa = PBXBuildFile; fileRef = 2797F21E25E7F22000C78ED4 /* BaseViewController.swift */; };
		7852258E87DAEB1AAFF543FD /* Pods_GoGo_GoGoUITests.framework in Frameworks */ = {isa = PBXBuildFile; fileRef = 1572C1F79895EFC675C2EEC9 /* Pods_GoGo_GoGoUITests.framework */; };
		80D5DF98E817BECA21E6A60D /* Pods_GoGoTests.framework in Frameworks */ = {isa = PBXBuildFile; fileRef = 38F0A770CC46BEDEE1ACE4A4 /* Pods_GoGoTests.framework */; };
		C6D75CB207CBF47FC26B3CF7 /* Pods_GoGo.framework in Frameworks */ = {isa = PBXBuildFile; fileRef = F5B164F6D10E46C679220B47 /* Pods_GoGo.framework */; };
		F0FE6CAF25E5085600E4DB56 /* AppDelegate.swift in Sources */ = {isa = PBXBuildFile; fileRef = F0FE6CAE25E5085600E4DB56 /* AppDelegate.swift */; };
		F0FE6CB125E5085700E4DB56 /* SceneDelegate.swift in Sources */ = {isa = PBXBuildFile; fileRef = F0FE6CB025E5085700E4DB56 /* SceneDelegate.swift */; };
		F0FE6CB325E5085700E4DB56 /* BaseTabViewController.swift in Sources */ = {isa = PBXBuildFile; fileRef = F0FE6CB225E5085700E4DB56 /* BaseTabViewController.swift */; };
		F0FE6CB825E5085900E4DB56 /* Assets.xcassets in Resources */ = {isa = PBXBuildFile; fileRef = F0FE6CB725E5085900E4DB56 /* Assets.xcassets */; };
		F0FE6CBB25E5085900E4DB56 /* LaunchScreen.storyboard in Resources */ = {isa = PBXBuildFile; fileRef = F0FE6CB925E5085900E4DB56 /* LaunchScreen.storyboard */; };
		F0FE6CC625E5085900E4DB56 /* GoGoTests.swift in Sources */ = {isa = PBXBuildFile; fileRef = F0FE6CC525E5085900E4DB56 /* GoGoTests.swift */; };
		F0FE6CD125E5085900E4DB56 /* GoGoUITests.swift in Sources */ = {isa = PBXBuildFile; fileRef = F0FE6CD025E5085900E4DB56 /* GoGoUITests.swift */; };
/* End PBXBuildFile section */

/* Begin PBXContainerItemProxy section */
		F0FE6CC225E5085900E4DB56 /* PBXContainerItemProxy */ = {
			isa = PBXContainerItemProxy;
			containerPortal = F0FE6CA325E5085600E4DB56 /* Project object */;
			proxyType = 1;
			remoteGlobalIDString = F0FE6CAA25E5085600E4DB56;
			remoteInfo = GoGo;
		};
		F0FE6CCD25E5085900E4DB56 /* PBXContainerItemProxy */ = {
			isa = PBXContainerItemProxy;
			containerPortal = F0FE6CA325E5085600E4DB56 /* Project object */;
			proxyType = 1;
			remoteGlobalIDString = F0FE6CAA25E5085600E4DB56;
			remoteInfo = GoGo;
		};
/* End PBXContainerItemProxy section */

/* Begin PBXFileReference section */
		1572C1F79895EFC675C2EEC9 /* Pods_GoGo_GoGoUITests.framework */ = {isa = PBXFileReference; explicitFileType = wrapper.framework; includeInIndex = 0; path = Pods_GoGo_GoGoUITests.framework; sourceTree = BUILT_PRODUCTS_DIR; };
		1B351A946BB6B3B65CAC829B /* Pods-GoGo.release.xcconfig */ = {isa = PBXFileReference; includeInIndex = 1; lastKnownFileType = text.xcconfig; name = "Pods-GoGo.release.xcconfig"; path = "Target Support Files/Pods-GoGo/Pods-GoGo.release.xcconfig"; sourceTree = "<group>"; };
		2731E26625EFAB7E00CF1254 /* SignInViewController.swift */ = {isa = PBXFileReference; lastKnownFileType = sourcecode.swift; path = SignInViewController.swift; sourceTree = "<group>"; };
		2731E26B25EFAB9D00CF1254 /* Api.swift */ = {isa = PBXFileReference; lastKnownFileType = sourcecode.swift; path = Api.swift; sourceTree = "<group>"; };
		27977C8625EE8A08007D2616 /* MainViewController.swift */ = {isa = PBXFileReference; lastKnownFileType = sourcecode.swift; path = MainViewController.swift; sourceTree = "<group>"; };
		27977C9325EE8D4C007D2616 /* SearchViewController.swift */ = {isa = PBXFileReference; lastKnownFileType = sourcecode.swift; path = SearchViewController.swift; sourceTree = "<group>"; };
		27977C9825EE8D54007D2616 /* MyPageViewController.swift */ = {isa = PBXFileReference; lastKnownFileType = sourcecode.swift; path = MyPageViewController.swift; sourceTree = "<group>"; };
		2797F21E25E7F22000C78ED4 /* BaseViewController.swift */ = {isa = PBXFileReference; lastKnownFileType = sourcecode.swift; path = BaseViewController.swift; sourceTree = "<group>"; };
		38F0A770CC46BEDEE1ACE4A4 /* Pods_GoGoTests.framework */ = {isa = PBXFileReference; explicitFileType = wrapper.framework; includeInIndex = 0; path = Pods_GoGoTests.framework; sourceTree = BUILT_PRODUCTS_DIR; };
		412054F71FBE493D9F2FC2F8 /* Pods-GoGo.debug.xcconfig */ = {isa = PBXFileReference; includeInIndex = 1; lastKnownFileType = text.xcconfig; name = "Pods-GoGo.debug.xcconfig"; path = "Target Support Files/Pods-GoGo/Pods-GoGo.debug.xcconfig"; sourceTree = "<group>"; };
		54CAB22C4F82AAABAC89C611 /* Pods-GoGoTests.release.xcconfig */ = {isa = PBXFileReference; includeInIndex = 1; lastKnownFileType = text.xcconfig; name = "Pods-GoGoTests.release.xcconfig"; path = "Target Support Files/Pods-GoGoTests/Pods-GoGoTests.release.xcconfig"; sourceTree = "<group>"; };
		9D54AA71D71F4DD3D5E72C83 /* Pods-GoGo-GoGoUITests.release.xcconfig */ = {isa = PBXFileReference; includeInIndex = 1; lastKnownFileType = text.xcconfig; name = "Pods-GoGo-GoGoUITests.release.xcconfig"; path = "Target Support Files/Pods-GoGo-GoGoUITests/Pods-GoGo-GoGoUITests.release.xcconfig"; sourceTree = "<group>"; };
		ADCF9BD3FDE7B7CC88475ACE /* Pods-GoGoTests.debug.xcconfig */ = {isa = PBXFileReference; includeInIndex = 1; lastKnownFileType = text.xcconfig; name = "Pods-GoGoTests.debug.xcconfig"; path = "Target Support Files/Pods-GoGoTests/Pods-GoGoTests.debug.xcconfig"; sourceTree = "<group>"; };
		F0FE6CAB25E5085600E4DB56 /* GoGo.app */ = {isa = PBXFileReference; explicitFileType = wrapper.application; includeInIndex = 0; path = GoGo.app; sourceTree = BUILT_PRODUCTS_DIR; };
		F0FE6CAE25E5085600E4DB56 /* AppDelegate.swift */ = {isa = PBXFileReference; lastKnownFileType = sourcecode.swift; path = AppDelegate.swift; sourceTree = "<group>"; };
		F0FE6CB025E5085700E4DB56 /* SceneDelegate.swift */ = {isa = PBXFileReference; lastKnownFileType = sourcecode.swift; path = SceneDelegate.swift; sourceTree = "<group>"; };
		F0FE6CB225E5085700E4DB56 /* BaseTabViewController.swift */ = {isa = PBXFileReference; lastKnownFileType = sourcecode.swift; path = BaseTabViewController.swift; sourceTree = "<group>"; };
		F0FE6CB725E5085900E4DB56 /* Assets.xcassets */ = {isa = PBXFileReference; lastKnownFileType = folder.assetcatalog; path = Assets.xcassets; sourceTree = "<group>"; };
		F0FE6CBA25E5085900E4DB56 /* Base */ = {isa = PBXFileReference; lastKnownFileType = file.storyboard; name = Base; path = Base.lproj/LaunchScreen.storyboard; sourceTree = "<group>"; };
		F0FE6CBC25E5085900E4DB56 /* Info.plist */ = {isa = PBXFileReference; lastKnownFileType = text.plist.xml; path = Info.plist; sourceTree = "<group>"; };
		F0FE6CC125E5085900E4DB56 /* GoGoTests.xctest */ = {isa = PBXFileReference; explicitFileType = wrapper.cfbundle; includeInIndex = 0; path = GoGoTests.xctest; sourceTree = BUILT_PRODUCTS_DIR; };
		F0FE6CC525E5085900E4DB56 /* GoGoTests.swift */ = {isa = PBXFileReference; lastKnownFileType = sourcecode.swift; path = GoGoTests.swift; sourceTree = "<group>"; };
		F0FE6CC725E5085900E4DB56 /* Info.plist */ = {isa = PBXFileReference; lastKnownFileType = text.plist.xml; path = Info.plist; sourceTree = "<group>"; };
		F0FE6CCC25E5085900E4DB56 /* GoGoUITests.xctest */ = {isa = PBXFileReference; explicitFileType = wrapper.cfbundle; includeInIndex = 0; path = GoGoUITests.xctest; sourceTree = BUILT_PRODUCTS_DIR; };
		F0FE6CD025E5085900E4DB56 /* GoGoUITests.swift */ = {isa = PBXFileReference; lastKnownFileType = sourcecode.swift; path = GoGoUITests.swift; sourceTree = "<group>"; };
		F0FE6CD225E5085900E4DB56 /* Info.plist */ = {isa = PBXFileReference; lastKnownFileType = text.plist.xml; path = Info.plist; sourceTree = "<group>"; };
		F35D8531E7C2BFFD0727212A /* Pods-GoGo-GoGoUITests.debug.xcconfig */ = {isa = PBXFileReference; includeInIndex = 1; lastKnownFileType = text.xcconfig; name = "Pods-GoGo-GoGoUITests.debug.xcconfig"; path = "Target Support Files/Pods-GoGo-GoGoUITests/Pods-GoGo-GoGoUITests.debug.xcconfig"; sourceTree = "<group>"; };
		F5B164F6D10E46C679220B47 /* Pods_GoGo.framework */ = {isa = PBXFileReference; explicitFileType = wrapper.framework; includeInIndex = 0; path = Pods_GoGo.framework; sourceTree = BUILT_PRODUCTS_DIR; };
/* End PBXFileReference section */

/* Begin PBXFrameworksBuildPhase section */
		F0FE6CA825E5085600E4DB56 /* Frameworks */ = {
			isa = PBXFrameworksBuildPhase;
			buildActionMask = 2147483647;
			files = (
				C6D75CB207CBF47FC26B3CF7 /* Pods_GoGo.framework in Frameworks */,
			);
			runOnlyForDeploymentPostprocessing = 0;
		};
		F0FE6CBE25E5085900E4DB56 /* Frameworks */ = {
			isa = PBXFrameworksBuildPhase;
			buildActionMask = 2147483647;
			files = (
				80D5DF98E817BECA21E6A60D /* Pods_GoGoTests.framework in Frameworks */,
			);
			runOnlyForDeploymentPostprocessing = 0;
		};
		F0FE6CC925E5085900E4DB56 /* Frameworks */ = {
			isa = PBXFrameworksBuildPhase;
			buildActionMask = 2147483647;
			files = (
				7852258E87DAEB1AAFF543FD /* Pods_GoGo_GoGoUITests.framework in Frameworks */,
			);
			runOnlyForDeploymentPostprocessing = 0;
		};
/* End PBXFrameworksBuildPhase section */

/* Begin PBXGroup section */
		2797F22325E7F2A300C78ED4 /* Base */ = {
			isa = PBXGroup;
			children = (
				2797F21E25E7F22000C78ED4 /* BaseViewController.swift */,
				2731E26B25EFAB9D00CF1254 /* Api.swift */,
			);
			path = Base;
			sourceTree = "<group>";
		};
		2797F22425E7F2AF00C78ED4 /* ViewController */ = {
			isa = PBXGroup;
			children = (
				F0FE6CB225E5085700E4DB56 /* BaseTabViewController.swift */,
				27977C8625EE8A08007D2616 /* MainViewController.swift */,
				27977C9325EE8D4C007D2616 /* SearchViewController.swift */,
				27977C9825EE8D54007D2616 /* MyPageViewController.swift */,
				2731E26625EFAB7E00CF1254 /* SignInViewController.swift */,
			);
			path = ViewController;
			sourceTree = "<group>";
		};
		2797F22525E7F2D000C78ED4 /* View */ = {
			isa = PBXGroup;
			children = (
			);
			path = View;
			sourceTree = "<group>";
		};
		2797F22625E7F2D400C78ED4 /* Model */ = {
			isa = PBXGroup;
			children = (
			);
			path = Model;
			sourceTree = "<group>";
		};
		2FD43D164894745FBC56935C /* Frameworks */ = {
			isa = PBXGroup;
			children = (
				F5B164F6D10E46C679220B47 /* Pods_GoGo.framework */,
				1572C1F79895EFC675C2EEC9 /* Pods_GoGo_GoGoUITests.framework */,
				38F0A770CC46BEDEE1ACE4A4 /* Pods_GoGoTests.framework */,
			);
			name = Frameworks;
			sourceTree = "<group>";
		};
		7F53989941D0A8681C9C9B8C /* Pods */ = {
			isa = PBXGroup;
			children = (
				412054F71FBE493D9F2FC2F8 /* Pods-GoGo.debug.xcconfig */,
				1B351A946BB6B3B65CAC829B /* Pods-GoGo.release.xcconfig */,
				F35D8531E7C2BFFD0727212A /* Pods-GoGo-GoGoUITests.debug.xcconfig */,
				9D54AA71D71F4DD3D5E72C83 /* Pods-GoGo-GoGoUITests.release.xcconfig */,
				ADCF9BD3FDE7B7CC88475ACE /* Pods-GoGoTests.debug.xcconfig */,
				54CAB22C4F82AAABAC89C611 /* Pods-GoGoTests.release.xcconfig */,
			);
			path = Pods;
			sourceTree = "<group>";
		};
		F0FE6CA225E5085600E4DB56 = {
			isa = PBXGroup;
			children = (
				F0FE6CAD25E5085600E4DB56 /* GoGo */,
				F0FE6CC425E5085900E4DB56 /* GoGoTests */,
				F0FE6CCF25E5085900E4DB56 /* GoGoUITests */,
				F0FE6CAC25E5085600E4DB56 /* Products */,
				7F53989941D0A8681C9C9B8C /* Pods */,
				2FD43D164894745FBC56935C /* Frameworks */,
			);
			sourceTree = "<group>";
		};
		F0FE6CAC25E5085600E4DB56 /* Products */ = {
			isa = PBXGroup;
			children = (
				F0FE6CAB25E5085600E4DB56 /* GoGo.app */,
				F0FE6CC125E5085900E4DB56 /* GoGoTests.xctest */,
				F0FE6CCC25E5085900E4DB56 /* GoGoUITests.xctest */,
			);
			name = Products;
			sourceTree = "<group>";
		};
		F0FE6CAD25E5085600E4DB56 /* GoGo */ = {
			isa = PBXGroup;
			children = (
				2797F22625E7F2D400C78ED4 /* Model */,
				2797F22525E7F2D000C78ED4 /* View */,
				2797F22425E7F2AF00C78ED4 /* ViewController */,
				2797F22325E7F2A300C78ED4 /* Base */,
				F0FE6CAE25E5085600E4DB56 /* AppDelegate.swift */,
				F0FE6CB025E5085700E4DB56 /* SceneDelegate.swift */,
				F0FE6CB725E5085900E4DB56 /* Assets.xcassets */,
				F0FE6CB925E5085900E4DB56 /* LaunchScreen.storyboard */,
				F0FE6CBC25E5085900E4DB56 /* Info.plist */,
			);
			path = GoGo;
			sourceTree = "<group>";
		};
		F0FE6CC425E5085900E4DB56 /* GoGoTests */ = {
			isa = PBXGroup;
			children = (
				F0FE6CC525E5085900E4DB56 /* GoGoTests.swift */,
				F0FE6CC725E5085900E4DB56 /* Info.plist */,
			);
			path = GoGoTests;
			sourceTree = "<group>";
		};
		F0FE6CCF25E5085900E4DB56 /* GoGoUITests */ = {
			isa = PBXGroup;
			children = (
				F0FE6CD025E5085900E4DB56 /* GoGoUITests.swift */,
				F0FE6CD225E5085900E4DB56 /* Info.plist */,
			);
			path = GoGoUITests;
			sourceTree = "<group>";
		};
/* End PBXGroup section */

/* Begin PBXNativeTarget section */
		F0FE6CAA25E5085600E4DB56 /* GoGo */ = {
			isa = PBXNativeTarget;
			buildConfigurationList = F0FE6CD525E5085900E4DB56 /* Build configuration list for PBXNativeTarget "GoGo" */;
			buildPhases = (
				40B350E19980C7ED761E4D48 /* [CP] Check Pods Manifest.lock */,
				F0FE6CA725E5085600E4DB56 /* Sources */,
				F0FE6CA825E5085600E4DB56 /* Frameworks */,
				F0FE6CA925E5085600E4DB56 /* Resources */,
				38B7CFB5A07E9C4718DD245B /* [CP] Embed Pods Frameworks */,
			);
			buildRules = (
			);
			dependencies = (
			);
			name = GoGo;
			productName = GoGo;
			productReference = F0FE6CAB25E5085600E4DB56 /* GoGo.app */;
			productType = "com.apple.product-type.application";
		};
		F0FE6CC025E5085900E4DB56 /* GoGoTests */ = {
			isa = PBXNativeTarget;
			buildConfigurationList = F0FE6CD825E5085900E4DB56 /* Build configuration list for PBXNativeTarget "GoGoTests" */;
			buildPhases = (
				8E7D4F2A65F43DD8D0E7D35D /* [CP] Check Pods Manifest.lock */,
				F0FE6CBD25E5085900E4DB56 /* Sources */,
				F0FE6CBE25E5085900E4DB56 /* Frameworks */,
				F0FE6CBF25E5085900E4DB56 /* Resources */,
			);
			buildRules = (
			);
			dependencies = (
				F0FE6CC325E5085900E4DB56 /* PBXTargetDependency */,
			);
			name = GoGoTests;
			productName = GoGoTests;
			productReference = F0FE6CC125E5085900E4DB56 /* GoGoTests.xctest */;
			productType = "com.apple.product-type.bundle.unit-test";
		};
		F0FE6CCB25E5085900E4DB56 /* GoGoUITests */ = {
			isa = PBXNativeTarget;
			buildConfigurationList = F0FE6CDB25E5085900E4DB56 /* Build configuration list for PBXNativeTarget "GoGoUITests" */;
			buildPhases = (
				021496195EEA49929DDA05DE /* [CP] Check Pods Manifest.lock */,
				F0FE6CC825E5085900E4DB56 /* Sources */,
				F0FE6CC925E5085900E4DB56 /* Frameworks */,
				F0FE6CCA25E5085900E4DB56 /* Resources */,
				378F643FB6C530711473B303 /* [CP] Embed Pods Frameworks */,
			);
			buildRules = (
			);
			dependencies = (
				F0FE6CCE25E5085900E4DB56 /* PBXTargetDependency */,
			);
			name = GoGoUITests;
			productName = GoGoUITests;
			productReference = F0FE6CCC25E5085900E4DB56 /* GoGoUITests.xctest */;
			productType = "com.apple.product-type.bundle.ui-testing";
		};
/* End PBXNativeTarget section */

/* Begin PBXProject section */
		F0FE6CA325E5085600E4DB56 /* Project object */ = {
			isa = PBXProject;
			attributes = {
				LastSwiftUpdateCheck = 1230;
				LastUpgradeCheck = 1230;
				TargetAttributes = {
					F0FE6CAA25E5085600E4DB56 = {
						CreatedOnToolsVersion = 12.3;
					};
					F0FE6CC025E5085900E4DB56 = {
						CreatedOnToolsVersion = 12.3;
						TestTargetID = F0FE6CAA25E5085600E4DB56;
					};
					F0FE6CCB25E5085900E4DB56 = {
						CreatedOnToolsVersion = 12.3;
						TestTargetID = F0FE6CAA25E5085600E4DB56;
					};
				};
			};
			buildConfigurationList = F0FE6CA625E5085600E4DB56 /* Build configuration list for PBXProject "GoGo" */;
			compatibilityVersion = "Xcode 9.3";
			developmentRegion = en;
			hasScannedForEncodings = 0;
			knownRegions = (
				en,
				Base,
			);
			mainGroup = F0FE6CA225E5085600E4DB56;
			productRefGroup = F0FE6CAC25E5085600E4DB56 /* Products */;
			projectDirPath = "";
			projectRoot = "";
			targets = (
				F0FE6CAA25E5085600E4DB56 /* GoGo */,
				F0FE6CC025E5085900E4DB56 /* GoGoTests */,
				F0FE6CCB25E5085900E4DB56 /* GoGoUITests */,
			);
		};
/* End PBXProject section */

/* Begin PBXResourcesBuildPhase section */
		F0FE6CA925E5085600E4DB56 /* Resources */ = {
			isa = PBXResourcesBuildPhase;
			buildActionMask = 2147483647;
			files = (
				F0FE6CBB25E5085900E4DB56 /* LaunchScreen.storyboard in Resources */,
				F0FE6CB825E5085900E4DB56 /* Assets.xcassets in Resources */,
			);
			runOnlyForDeploymentPostprocessing = 0;
		};
		F0FE6CBF25E5085900E4DB56 /* Resources */ = {
			isa = PBXResourcesBuildPhase;
			buildActionMask = 2147483647;
			files = (
			);
			runOnlyForDeploymentPostprocessing = 0;
		};
		F0FE6CCA25E5085900E4DB56 /* Resources */ = {
			isa = PBXResourcesBuildPhase;
			buildActionMask = 2147483647;
			files = (
			);
			runOnlyForDeploymentPostprocessing = 0;
		};
/* End PBXResourcesBuildPhase section */

/* Begin PBXShellScriptBuildPhase section */
		021496195EEA49929DDA05DE /* [CP] Check Pods Manifest.lock */ = {
			isa = PBXShellScriptBuildPhase;
			buildActionMask = 2147483647;
			files = (
			);
			inputFileListPaths = (
			);
			inputPaths = (
				"${PODS_PODFILE_DIR_PATH}/Podfile.lock",
				"${PODS_ROOT}/Manifest.lock",
			);
			name = "[CP] Check Pods Manifest.lock";
			outputFileListPaths = (
			);
			outputPaths = (
				"$(DERIVED_FILE_DIR)/Pods-GoGo-GoGoUITests-checkManifestLockResult.txt",
			);
			runOnlyForDeploymentPostprocessing = 0;
			shellPath = /bin/sh;
			shellScript = "diff \"${PODS_PODFILE_DIR_PATH}/Podfile.lock\" \"${PODS_ROOT}/Manifest.lock\" > /dev/null\nif [ $? != 0 ] ; then\n    # print error to STDERR\n    echo \"error: The sandbox is not in sync with the Podfile.lock. Run 'pod install' or update your CocoaPods installation.\" >&2\n    exit 1\nfi\n# This output is used by Xcode 'outputs' to avoid re-running this script phase.\necho \"SUCCESS\" > \"${SCRIPT_OUTPUT_FILE_0}\"\n";
			showEnvVarsInLog = 0;
		};
		378F643FB6C530711473B303 /* [CP] Embed Pods Frameworks */ = {
			isa = PBXShellScriptBuildPhase;
			buildActionMask = 2147483647;
			files = (
			);
			inputFileListPaths = (
				"${PODS_ROOT}/Target Support Files/Pods-GoGo-GoGoUITests/Pods-GoGo-GoGoUITests-frameworks-${CONFIGURATION}-input-files.xcfilelist",
			);
			name = "[CP] Embed Pods Frameworks";
			outputFileListPaths = (
				"${PODS_ROOT}/Target Support Files/Pods-GoGo-GoGoUITests/Pods-GoGo-GoGoUITests-frameworks-${CONFIGURATION}-output-files.xcfilelist",
			);
			runOnlyForDeploymentPostprocessing = 0;
			shellPath = /bin/sh;
			shellScript = "\"${PODS_ROOT}/Target Support Files/Pods-GoGo-GoGoUITests/Pods-GoGo-GoGoUITests-frameworks.sh\"\n";
			showEnvVarsInLog = 0;
		};
		38B7CFB5A07E9C4718DD245B /* [CP] Embed Pods Frameworks */ = {
			isa = PBXShellScriptBuildPhase;
			buildActionMask = 2147483647;
			files = (
			);
			inputFileListPaths = (
				"${PODS_ROOT}/Target Support Files/Pods-GoGo/Pods-GoGo-frameworks-${CONFIGURATION}-input-files.xcfilelist",
			);
			name = "[CP] Embed Pods Frameworks";
			outputFileListPaths = (
				"${PODS_ROOT}/Target Support Files/Pods-GoGo/Pods-GoGo-frameworks-${CONFIGURATION}-output-files.xcfilelist",
			);
			runOnlyForDeploymentPostprocessing = 0;
			shellPath = /bin/sh;
			shellScript = "\"${PODS_ROOT}/Target Support Files/Pods-GoGo/Pods-GoGo-frameworks.sh\"\n";
			showEnvVarsInLog = 0;
		};
		40B350E19980C7ED761E4D48 /* [CP] Check Pods Manifest.lock */ = {
			isa = PBXShellScriptBuildPhase;
			buildActionMask = 2147483647;
			files = (
			);
			inputFileListPaths = (
			);
			inputPaths = (
				"${PODS_PODFILE_DIR_PATH}/Podfile.lock",
				"${PODS_ROOT}/Manifest.lock",
			);
			name = "[CP] Check Pods Manifest.lock";
			outputFileListPaths = (
			);
			outputPaths = (
				"$(DERIVED_FILE_DIR)/Pods-GoGo-checkManifestLockResult.txt",
			);
			runOnlyForDeploymentPostprocessing = 0;
			shellPath = /bin/sh;
			shellScript = "diff \"${PODS_PODFILE_DIR_PATH}/Podfile.lock\" \"${PODS_ROOT}/Manifest.lock\" > /dev/null\nif [ $? != 0 ] ; then\n    # print error to STDERR\n    echo \"error: The sandbox is not in sync with the Podfile.lock. Run 'pod install' or update your CocoaPods installation.\" >&2\n    exit 1\nfi\n# This output is used by Xcode 'outputs' to avoid re-running this script phase.\necho \"SUCCESS\" > \"${SCRIPT_OUTPUT_FILE_0}\"\n";
			showEnvVarsInLog = 0;
		};
		8E7D4F2A65F43DD8D0E7D35D /* [CP] Check Pods Manifest.lock */ = {
			isa = PBXShellScriptBuildPhase;
			buildActionMask = 2147483647;
			files = (
			);
			inputFileListPaths = (
			);
			inputPaths = (
				"${PODS_PODFILE_DIR_PATH}/Podfile.lock",
				"${PODS_ROOT}/Manifest.lock",
			);
			name = "[CP] Check Pods Manifest.lock";
			outputFileListPaths = (
			);
			outputPaths = (
				"$(DERIVED_FILE_DIR)/Pods-GoGoTests-checkManifestLockResult.txt",
			);
			runOnlyForDeploymentPostprocessing = 0;
			shellPath = /bin/sh;
			shellScript = "diff \"${PODS_PODFILE_DIR_PATH}/Podfile.lock\" \"${PODS_ROOT}/Manifest.lock\" > /dev/null\nif [ $? != 0 ] ; then\n    # print error to STDERR\n    echo \"error: The sandbox is not in sync with the Podfile.lock. Run 'pod install' or update your CocoaPods installation.\" >&2\n    exit 1\nfi\n# This output is used by Xcode 'outputs' to avoid re-running this script phase.\necho \"SUCCESS\" > \"${SCRIPT_OUTPUT_FILE_0}\"\n";
			showEnvVarsInLog = 0;
		};
/* End PBXShellScriptBuildPhase section */

/* Begin PBXSourcesBuildPhase section */
		F0FE6CA725E5085600E4DB56 /* Sources */ = {
			isa = PBXSourcesBuildPhase;
			buildActionMask = 2147483647;
			files = (
				2731E26C25EFAB9D00CF1254 /* Api.swift in Sources */,
				27977C9425EE8D4C007D2616 /* SearchViewController.swift in Sources */,
				F0FE6CB325E5085700E4DB56 /* BaseTabViewController.swift in Sources */,
				27977C9925EE8D54007D2616 /* MyPageViewController.swift in Sources */,
				2797F21F25E7F22000C78ED4 /* BaseViewController.swift in Sources */,
				2731E26725EFAB7E00CF1254 /* SignInViewController.swift in Sources */,
				F0FE6CAF25E5085600E4DB56 /* AppDelegate.swift in Sources */,
				F0FE6CB125E5085700E4DB56 /* SceneDelegate.swift in Sources */,
				27977C8725EE8A08007D2616 /* MainViewController.swift in Sources */,
			);
			runOnlyForDeploymentPostprocessing = 0;
		};
		F0FE6CBD25E5085900E4DB56 /* Sources */ = {
			isa = PBXSourcesBuildPhase;
			buildActionMask = 2147483647;
			files = (
				F0FE6CC625E5085900E4DB56 /* GoGoTests.swift in Sources */,
			);
			runOnlyForDeploymentPostprocessing = 0;
		};
		F0FE6CC825E5085900E4DB56 /* Sources */ = {
			isa = PBXSourcesBuildPhase;
			buildActionMask = 2147483647;
			files = (
				F0FE6CD125E5085900E4DB56 /* GoGoUITests.swift in Sources */,
			);
			runOnlyForDeploymentPostprocessing = 0;
		};
/* End PBXSourcesBuildPhase section */

/* Begin PBXTargetDependency section */
		F0FE6CC325E5085900E4DB56 /* PBXTargetDependency */ = {
			isa = PBXTargetDependency;
			target = F0FE6CAA25E5085600E4DB56 /* GoGo */;
			targetProxy = F0FE6CC225E5085900E4DB56 /* PBXContainerItemProxy */;
		};
		F0FE6CCE25E5085900E4DB56 /* PBXTargetDependency */ = {
			isa = PBXTargetDependency;
			target = F0FE6CAA25E5085600E4DB56 /* GoGo */;
			targetProxy = F0FE6CCD25E5085900E4DB56 /* PBXContainerItemProxy */;
		};
/* End PBXTargetDependency section */

/* Begin PBXVariantGroup section */
		F0FE6CB925E5085900E4DB56 /* LaunchScreen.storyboard */ = {
			isa = PBXVariantGroup;
			children = (
				F0FE6CBA25E5085900E4DB56 /* Base */,
			);
			name = LaunchScreen.storyboard;
			sourceTree = "<group>";
		};
/* End PBXVariantGroup section */

/* Begin XCBuildConfiguration section */
		F0FE6CD325E5085900E4DB56 /* Debug */ = {
			isa = XCBuildConfiguration;
			buildSettings = {
				ALWAYS_SEARCH_USER_PATHS = NO;
				CLANG_ANALYZER_NONNULL = YES;
				CLANG_ANALYZER_NUMBER_OBJECT_CONVERSION = YES_AGGRESSIVE;
				CLANG_CXX_LANGUAGE_STANDARD = "gnu++14";
				CLANG_CXX_LIBRARY = "libc++";
				CLANG_ENABLE_MODULES = YES;
				CLANG_ENABLE_OBJC_ARC = YES;
				CLANG_ENABLE_OBJC_WEAK = YES;
				CLANG_WARN_BLOCK_CAPTURE_AUTORELEASING = YES;
				CLANG_WARN_BOOL_CONVERSION = YES;
				CLANG_WARN_COMMA = YES;
				CLANG_WARN_CONSTANT_CONVERSION = YES;
				CLANG_WARN_DEPRECATED_OBJC_IMPLEMENTATIONS = YES;
				CLANG_WARN_DIRECT_OBJC_ISA_USAGE = YES_ERROR;
				CLANG_WARN_DOCUMENTATION_COMMENTS = YES;
				CLANG_WARN_EMPTY_BODY = YES;
				CLANG_WARN_ENUM_CONVERSION = YES;
				CLANG_WARN_INFINITE_RECURSION = YES;
				CLANG_WARN_INT_CONVERSION = YES;
				CLANG_WARN_NON_LITERAL_NULL_CONVERSION = YES;
				CLANG_WARN_OBJC_IMPLICIT_RETAIN_SELF = YES;
				CLANG_WARN_OBJC_LITERAL_CONVERSION = YES;
				CLANG_WARN_OBJC_ROOT_CLASS = YES_ERROR;
				CLANG_WARN_QUOTED_INCLUDE_IN_FRAMEWORK_HEADER = YES;
				CLANG_WARN_RANGE_LOOP_ANALYSIS = YES;
				CLANG_WARN_STRICT_PROTOTYPES = YES;
				CLANG_WARN_SUSPICIOUS_MOVE = YES;
				CLANG_WARN_UNGUARDED_AVAILABILITY = YES_AGGRESSIVE;
				CLANG_WARN_UNREACHABLE_CODE = YES;
				CLANG_WARN__DUPLICATE_METHOD_MATCH = YES;
				COPY_PHASE_STRIP = NO;
				DEBUG_INFORMATION_FORMAT = dwarf;
				ENABLE_STRICT_OBJC_MSGSEND = YES;
				ENABLE_TESTABILITY = YES;
				GCC_C_LANGUAGE_STANDARD = gnu11;
				GCC_DYNAMIC_NO_PIC = NO;
				GCC_NO_COMMON_BLOCKS = YES;
				GCC_OPTIMIZATION_LEVEL = 0;
				GCC_PREPROCESSOR_DEFINITIONS = (
					"DEBUG=1",
					"$(inherited)",
				);
				GCC_WARN_64_TO_32_BIT_CONVERSION = YES;
				GCC_WARN_ABOUT_RETURN_TYPE = YES_ERROR;
				GCC_WARN_UNDECLARED_SELECTOR = YES;
				GCC_WARN_UNINITIALIZED_AUTOS = YES_AGGRESSIVE;
				GCC_WARN_UNUSED_FUNCTION = YES;
				GCC_WARN_UNUSED_VARIABLE = YES;
				IPHONEOS_DEPLOYMENT_TARGET = 14.3;
				MTL_ENABLE_DEBUG_INFO = INCLUDE_SOURCE;
				MTL_FAST_MATH = YES;
				ONLY_ACTIVE_ARCH = YES;
				SDKROOT = iphoneos;
				SWIFT_ACTIVE_COMPILATION_CONDITIONS = DEBUG;
				SWIFT_OPTIMIZATION_LEVEL = "-Onone";
			};
			name = Debug;
		};
		F0FE6CD425E5085900E4DB56 /* Release */ = {
			isa = XCBuildConfiguration;
			buildSettings = {
				ALWAYS_SEARCH_USER_PATHS = NO;
				CLANG_ANALYZER_NONNULL = YES;
				CLANG_ANALYZER_NUMBER_OBJECT_CONVERSION = YES_AGGRESSIVE;
				CLANG_CXX_LANGUAGE_STANDARD = "gnu++14";
				CLANG_CXX_LIBRARY = "libc++";
				CLANG_ENABLE_MODULES = YES;
				CLANG_ENABLE_OBJC_ARC = YES;
				CLANG_ENABLE_OBJC_WEAK = YES;
				CLANG_WARN_BLOCK_CAPTURE_AUTORELEASING = YES;
				CLANG_WARN_BOOL_CONVERSION = YES;
				CLANG_WARN_COMMA = YES;
				CLANG_WARN_CONSTANT_CONVERSION = YES;
				CLANG_WARN_DEPRECATED_OBJC_IMPLEMENTATIONS = YES;
				CLANG_WARN_DIRECT_OBJC_ISA_USAGE = YES_ERROR;
				CLANG_WARN_DOCUMENTATION_COMMENTS = YES;
				CLANG_WARN_EMPTY_BODY = YES;
				CLANG_WARN_ENUM_CONVERSION = YES;
				CLANG_WARN_INFINITE_RECURSION = YES;
				CLANG_WARN_INT_CONVERSION = YES;
				CLANG_WARN_NON_LITERAL_NULL_CONVERSION = YES;
				CLANG_WARN_OBJC_IMPLICIT_RETAIN_SELF = YES;
				CLANG_WARN_OBJC_LITERAL_CONVERSION = YES;
				CLANG_WARN_OBJC_ROOT_CLASS = YES_ERROR;
				CLANG_WARN_QUOTED_INCLUDE_IN_FRAMEWORK_HEADER = YES;
				CLANG_WARN_RANGE_LOOP_ANALYSIS = YES;
				CLANG_WARN_STRICT_PROTOTYPES = YES;
				CLANG_WARN_SUSPICIOUS_MOVE = YES;
				CLANG_WARN_UNGUARDED_AVAILABILITY = YES_AGGRESSIVE;
				CLANG_WARN_UNREACHABLE_CODE = YES;
				CLANG_WARN__DUPLICATE_METHOD_MATCH = YES;
				COPY_PHASE_STRIP = NO;
				DEBUG_INFORMATION_FORMAT = "dwarf-with-dsym";
				ENABLE_NS_ASSERTIONS = NO;
				ENABLE_STRICT_OBJC_MSGSEND = YES;
				GCC_C_LANGUAGE_STANDARD = gnu11;
				GCC_NO_COMMON_BLOCKS = YES;
				GCC_WARN_64_TO_32_BIT_CONVERSION = YES;
				GCC_WARN_ABOUT_RETURN_TYPE = YES_ERROR;
				GCC_WARN_UNDECLARED_SELECTOR = YES;
				GCC_WARN_UNINITIALIZED_AUTOS = YES_AGGRESSIVE;
				GCC_WARN_UNUSED_FUNCTION = YES;
				GCC_WARN_UNUSED_VARIABLE = YES;
				IPHONEOS_DEPLOYMENT_TARGET = 14.3;
				MTL_ENABLE_DEBUG_INFO = NO;
				MTL_FAST_MATH = YES;
				SDKROOT = iphoneos;
				SWIFT_COMPILATION_MODE = wholemodule;
				SWIFT_OPTIMIZATION_LEVEL = "-O";
				VALIDATE_PRODUCT = YES;
			};
			name = Release;
		};
		F0FE6CD625E5085900E4DB56 /* Debug */ = {
			isa = XCBuildConfiguration;
			baseConfigurationReference = 412054F71FBE493D9F2FC2F8 /* Pods-GoGo.debug.xcconfig */;
			buildSettings = {
				ASSETCATALOG_COMPILER_APPICON_NAME = AppIcon;
				ASSETCATALOG_COMPILER_GLOBAL_ACCENT_COLOR_NAME = AccentColor;
				CODE_SIGN_STYLE = Automatic;
				INFOPLIST_FILE = GoGo/Info.plist;
				LD_RUNPATH_SEARCH_PATHS = (
					"$(inherited)",
					"@executable_path/Frameworks",
				);
				PRODUCT_BUNDLE_IDENTIFIER = sixThang.GoGo;
				PRODUCT_NAME = "$(TARGET_NAME)";
				SWIFT_VERSION = 5.0;
				TARGETED_DEVICE_FAMILY = "1,2";
			};
			name = Debug;
		};
		F0FE6CD725E5085900E4DB56 /* Release */ = {
			isa = XCBuildConfiguration;
			baseConfigurationReference = 1B351A946BB6B3B65CAC829B /* Pods-GoGo.release.xcconfig */;
			buildSettings = {
				ASSETCATALOG_COMPILER_APPICON_NAME = AppIcon;
				ASSETCATALOG_COMPILER_GLOBAL_ACCENT_COLOR_NAME = AccentColor;
				CODE_SIGN_STYLE = Automatic;
				INFOPLIST_FILE = GoGo/Info.plist;
				LD_RUNPATH_SEARCH_PATHS = (
					"$(inherited)",
					"@executable_path/Frameworks",
				);
				PRODUCT_BUNDLE_IDENTIFIER = sixThang.GoGo;
				PRODUCT_NAME = "$(TARGET_NAME)";
				SWIFT_VERSION = 5.0;
				TARGETED_DEVICE_FAMILY = "1,2";
			};
			name = Release;
		};
		F0FE6CD925E5085900E4DB56 /* Debug */ = {
			isa = XCBuildConfiguration;
			baseConfigurationReference = ADCF9BD3FDE7B7CC88475ACE /* Pods-GoGoTests.debug.xcconfig */;
			buildSettings = {
				ALWAYS_EMBED_SWIFT_STANDARD_LIBRARIES = YES;
				BUNDLE_LOADER = "$(TEST_HOST)";
				CODE_SIGN_STYLE = Automatic;
				INFOPLIST_FILE = GoGoTests/Info.plist;
				IPHONEOS_DEPLOYMENT_TARGET = 14.3;
				LD_RUNPATH_SEARCH_PATHS = (
					"$(inherited)",
					"@executable_path/Frameworks",
					"@loader_path/Frameworks",
				);
				PRODUCT_BUNDLE_IDENTIFIER = sixThang.GoGoTests;
				PRODUCT_NAME = "$(TARGET_NAME)";
				SWIFT_VERSION = 5.0;
				TARGETED_DEVICE_FAMILY = "1,2";
				TEST_HOST = "$(BUILT_PRODUCTS_DIR)/GoGo.app/GoGo";
			};
			name = Debug;
		};
		F0FE6CDA25E5085900E4DB56 /* Release */ = {
			isa = XCBuildConfiguration;
			baseConfigurationReference = 54CAB22C4F82AAABAC89C611 /* Pods-GoGoTests.release.xcconfig */;
			buildSettings = {
				ALWAYS_EMBED_SWIFT_STANDARD_LIBRARIES = YES;
				BUNDLE_LOADER = "$(TEST_HOST)";
				CODE_SIGN_STYLE = Automatic;
				INFOPLIST_FILE = GoGoTests/Info.plist;
				IPHONEOS_DEPLOYMENT_TARGET = 14.3;
				LD_RUNPATH_SEARCH_PATHS = (
					"$(inherited)",
					"@executable_path/Frameworks",
					"@loader_path/Frameworks",
				);
				PRODUCT_BUNDLE_IDENTIFIER = sixThang.GoGoTests;
				PRODUCT_NAME = "$(TARGET_NAME)";
				SWIFT_VERSION = 5.0;
				TARGETED_DEVICE_FAMILY = "1,2";
				TEST_HOST = "$(BUILT_PRODUCTS_DIR)/GoGo.app/GoGo";
			};
			name = Release;
		};
		F0FE6CDC25E5085900E4DB56 /* Debug */ = {
			isa = XCBuildConfiguration;
			baseConfigurationReference = F35D8531E7C2BFFD0727212A /* Pods-GoGo-GoGoUITests.debug.xcconfig */;
			buildSettings = {
				ALWAYS_EMBED_SWIFT_STANDARD_LIBRARIES = YES;
				CODE_SIGN_STYLE = Automatic;
				INFOPLIST_FILE = GoGoUITests/Info.plist;
				LD_RUNPATH_SEARCH_PATHS = (
					"$(inherited)",
					"@executable_path/Frameworks",
					"@loader_path/Frameworks",
				);
				PRODUCT_BUNDLE_IDENTIFIER = sixThang.GoGoUITests;
				PRODUCT_NAME = "$(TARGET_NAME)";
				SWIFT_VERSION = 5.0;
				TARGETED_DEVICE_FAMILY = "1,2";
				TEST_TARGET_NAME = GoGo;
			};
			name = Debug;
		};
		F0FE6CDD25E5085900E4DB56 /* Release */ = {
			isa = XCBuildConfiguration;
			baseConfigurationReference = 9D54AA71D71F4DD3D5E72C83 /* Pods-GoGo-GoGoUITests.release.xcconfig */;
			buildSettings = {
				ALWAYS_EMBED_SWIFT_STANDARD_LIBRARIES = YES;
				CODE_SIGN_STYLE = Automatic;
				INFOPLIST_FILE = GoGoUITests/Info.plist;
				LD_RUNPATH_SEARCH_PATHS = (
					"$(inherited)",
					"@executable_path/Frameworks",
					"@loader_path/Frameworks",
				);
				PRODUCT_BUNDLE_IDENTIFIER = sixThang.GoGoUITests;
				PRODUCT_NAME = "$(TARGET_NAME)";
				SWIFT_VERSION = 5.0;
				TARGETED_DEVICE_FAMILY = "1,2";
				TEST_TARGET_NAME = GoGo;
			};
			name = Release;
		};
/* End XCBuildConfiguration section */

/* Begin XCConfigurationList section */
		F0FE6CA625E5085600E4DB56 /* Build configuration list for PBXProject "GoGo" */ = {
			isa = XCConfigurationList;
			buildConfigurations = (
				F0FE6CD325E5085900E4DB56 /* Debug */,
				F0FE6CD425E5085900E4DB56 /* Release */,
			);
			defaultConfigurationIsVisible = 0;
			defaultConfigurationName = Release;
		};
		F0FE6CD525E5085900E4DB56 /* Build configuration list for PBXNativeTarget "GoGo" */ = {
			isa = XCConfigurationList;
			buildConfigurations = (
				F0FE6CD625E5085900E4DB56 /* Debug */,
				F0FE6CD725E5085900E4DB56 /* Release */,
			);
			defaultConfigurationIsVisible = 0;
			defaultConfigurationName = Release;
		};
		F0FE6CD825E5085900E4DB56 /* Build configuration list for PBXNativeTarget "GoGoTests" */ = {
			isa = XCConfigurationList;
			buildConfigurations = (
				F0FE6CD925E5085900E4DB56 /* Debug */,
				F0FE6CDA25E5085900E4DB56 /* Release */,
			);
			defaultConfigurationIsVisible = 0;
			defaultConfigurationName = Release;
		};
		F0FE6CDB25E5085900E4DB56 /* Build configuration list for PBXNativeTarget "GoGoUITests" */ = {
			isa = XCConfigurationList;
			buildConfigurations = (
				F0FE6CDC25E5085900E4DB56 /* Debug */,
				F0FE6CDD25E5085900E4DB56 /* Release */,
			);
			defaultConfigurationIsVisible = 0;
			defaultConfigurationName = Release;
		};
/* End XCConfigurationList section */
	};
	rootObject = F0FE6CA325E5085600E4DB56 /* Project object */;
}
